# Reproducible native source inputs.
# Update with tool/update_native_sources.sh and commit the refreshed snapshots.
ENGINE_REPOSITORY=https://github.com/DavidVentura/bergamot-translator.git
ENGINE_REVISION=96c0fcca3c1ddd89fb1f75e8ff952417ae9e5c45
CLD2_REPOSITORY=https://github.com/CLD2Owners/cld2.git
CLD2_REVISION=b56fa78a2fe44ac2851bae5bf4f4693a0644da7b
